// !$*UTF8*$!
{
	archiveVersion = 1;
	classes = {
	};
	objectVersion = 50;
	objects = {

/* Begin PBXBuildFile section */
		3C21ED8F233095C700386607 /* AppDelegate.swift in Sources */ = {isa = PBXBuildFile; fileRef = 3C21ED8E233095C700386607 /* AppDelegate.swift */; };
		3C21ED91233095C700386607 /* ViewController.swift in Sources */ = {isa = PBXBuildFile; fileRef = 3C21ED90233095C700386607 /* ViewController.swift */; };
		3C21ED94233095C700386607 /* Main.storyboard in Resources */ = {isa = PBXBuildFile; fileRef = 3C21ED92233095C700386607 /* Main.storyboard */; };
		3C21ED97233095C700386607 /* _1SimpleMapView.xcdatamodeld in Sources */ = {isa = PBXBuildFile; fileRef = 3C21ED95233095C700386607 /* _1SimpleMapView.xcdatamodeld */; };
		3C21ED99233095C900386607 /* Assets.xcassets in Resources */ = {isa = PBXBuildFile; fileRef = 3C21ED98233095C900386607 /* Assets.xcassets */; };
		3C21ED9C233095C900386607 /* LaunchScreen.storyboard in Resources */ = {isa = PBXBuildFile; fileRef = 3C21ED9A233095C900386607 /* LaunchScreen.storyboard */; };
		3C21EDA5233095FF00386607 /* MapKit.framework in Frameworks */ = {isa = PBXBuildFile; fileRef = 3C21EDA4233095FF00386607 /* MapKit.framework */; };
/* End PBXBuildFile section */

/* Begin PBXFileReference section */
		3C21ED8B233095C700386607 /* 01SimpleMapView.app */ = {isa = PBXFileReference; explicitFileType = wrapper.application; includeInIndex = 0; path = 01SimpleMapView.app; sourceTree = BUILT_PRODUCTS_DIR; };
		3C21ED8E233095C700386607 /* AppDelegate.swift */ = {isa = PBXFileReference; lastKnownFileType = sourcecode.swift; path = AppDelegate.swift; sourceTree = "<group>"; };
		3C21ED90233095C700386607 /* ViewController.swift */ = {isa = PBXFileReference; lastKnownFileType = sourcecode.swift; path = ViewController.swift; sourceTree = "<group>"; };
		3C21ED93233095C700386607 /* Base */ = {isa = PBXFileReference; lastKnownFileType = file.storyboard; name = Base; path = Base.lproj/Main.storyboard; sourceTree = "<group>"; };
		3C21ED96233095C700386607 /* _1SimpleMapView.xcdatamodel */ = {isa = PBXFileReference; lastKnownFileType = wrapper.xcdatamodel; path = _1SimpleMapView.xcdatamodel; sourceTree = "<group>"; };
		3C21ED98233095C900386607 /* Assets.xcassets */ = {isa = PBXFileReference; lastKnownFileType = folder.assetcatalog; path = Assets.xcassets; sourceTree = "<group>"; };
		3C21ED9B233095C900386607 /* Base */ = {isa = PBXFileReference; lastKnownFileType = file.storyboard; name = Base; path = Base.lproj/LaunchScreen.storyboard; sourceTree = "<group>"; };
		3C21ED9D233095C900386607 /* Info.plist */ = {isa = PBXFileReference; lastKnownFileType = text.plist.xml; path = Info.plist; sourceTree = "<group>"; };
		3C21EDA4233095FF00386607 /* MapKit.framework */ = {isa = PBXFileReference; lastKnownFileType = wrapper.framework; name = MapKit.framework; path = System/Library/Frameworks/MapKit.framework; sourceTree = SDKROOT; };
/* End PBXFileReference section */

/* Begin PBXFrameworksBuildPhase section */
		3C21ED88233095C700386607 /* Frameworks */ = {
			isa = PBXFrameworksBuildPhase;
			buildActionMask = 2147483647;
			files = (
				3C21EDA5233095FF00386607 /* MapKit.framework in Frameworks */,
			);
			runOnlyForDeploymentPostprocessing = 0;
		};
/* End PBXFrameworksBuildPhase section */

/* Begin PBXGroup section */
		3C21ED82233095C700386607 = {
			isa = PBXGroup;
			children = (
				3C21ED8D233095C700386607 /* 01SimpleMapView */,
				3C21ED8C233095C700386607 /* Products */,
				3C21EDA3233095FE00386607 /* Frameworks */,
			);
			sourceTree = "<group>";
		};
		3C21ED8C233095C700386607 /* Products */ = {
			isa = PBXGroup;
			children = (
				3C21ED8B233095C700386607 /* 01SimpleMapView.app */,
			);
			name = Products;
			sourceTree = "<group>";
		};
		3C21ED8D233095C700386607 /* 01SimpleMapView */ = {
			isa = PBXGroup;
			children = (
				3C21ED8E233095C700386607 /* AppDelegate.swift */,
				3C21ED90233095C700386607 /* ViewController.swift */,
				3C21ED92233095C700386607 /* Main.storyboard */,
				3C21ED98233095C900386607 /* Assets.xcassets */,
				3C21ED9A233095C900386607 /* LaunchScreen.storyboard */,
				3C21ED9D233095C900386607 /* Info.plist */,
				3C21ED95233095C700386607 /* _1SimpleMapView.xcdatamodeld */,
			);
			path = 01SimpleMapView;
			sourceTree = "<group>";
		};
		3C21EDA3233095FE00386607 /* Frameworks */ = {
			isa = PBXGroup;
			children = (
				3C21EDA4233095FF00386607 /* MapKit.framework */,
			);
			name = Frameworks;
			sourceTree = "<group>";
		};
/* End PBXGroup section */

/* Begin PBXNativeTarget section */
		3C21ED8A233095C700386607 /* 01SimpleMapView */ = {
			isa = PBXNativeTarget;
			buildConfigurationList = 3C21EDA0233095C900386607 /* Build configuration list for PBXNativeTarget "01SimpleMapView" */;
			buildPhases = (
				3C21ED87233095C700386607 /* Sources */,
				3C21ED88233095C700386607 /* Frameworks */,
				3C21ED89233095C700386607 /* Resources */,
			);
			buildRules = (
			);
			dependencies = (
			);
			name = 01SimpleMapView;
			productName = 01SimpleMapView;
			productReference = 3C21ED8B233095C700386607 /* 01SimpleMapView.app */;
			productType = "com.apple.product-type.application";
		};
/* End PBXNativeTarget section */

/* Begin PBXProject section */
		3C21ED83233095C700386607 /* Project object */ = {
			isa = PBXProject;
			attributes = {
				LastSwiftUpdateCheck = 1010;
				LastUpgradeCheck = 1010;
				ORGANIZATIONNAME = A;
				TargetAttributes = {
					3C21ED8A233095C700386607 = {
						CreatedOnToolsVersion = 10.1;
					};
				};
			};
			buildConfigurationList = 3C21ED86233095C700386607 /* Build configuration list for PBXProject "01SimpleMapView" */;
			compatibilityVersion = "Xcode 9.3";
			developmentRegion = en;
			hasScannedForEncodings = 0;
			knownRegions = (
				en,
				Base,
			);
			mainGroup = 3C21ED82233095C700386607;
			productRefGroup = 3C21ED8C233095C700386607 /* Products */;
			projectDirPath = "";
			projectRoot = "";
			targets = (
				3C21ED8A233095C700386607 /* 01SimpleMapView */,
			);
		};
/* End PBXProject section */

/* Begin PBXResourcesBuildPhase section */
		3C21ED89233095C700386607 /* Resources */ = {
			isa = PBXResourcesBuildPhase;
			buildActionMask = 2147483647;
			files = (
				3C21ED9C233095C900386607 /* LaunchScreen.storyboard in Resources */,
				3C21ED99233095C900386607 /* Assets.xcassets in Resources */,
				3C21ED94233095C700386607 /* Main.storyboard in Resources */,
			);
			runOnlyForDeploymentPostprocessing = 0;
		};
/* End PBXResourcesBuildPhase section */

/* Begin PBXSourcesBuildPhase section */
		3C21ED87233095C700386607 /* Sources */ = {
			isa = PBXSourcesBuildPhase;
			buildActionMask = 2147483647;
			files = (
				3C21ED91233095C700386607 /* ViewController.swift in Sources */,
				3C21ED8F233095C700386607 /* AppDelegate.swift in Sources */,
				3C21ED97233095C700386607 /* _1SimpleMapView.xcdatamodeld in Sources */,
			);
			runOnlyForDeploymentPostprocessing = 0;
		};
/* End PBXSourcesBuildPhase section */

/* Begin PBXVariantGroup section */
		3C21ED92233095C700386607 /* Main.storyboard */ = {
			isa = PBXVariantGroup;
			children = (
				3C21ED93233095C700386607 /* Base */,
			);
			name = Main.storyboard;
			sourceTree = "<group>";
		};
		3C21ED9A233095C900386607 /* LaunchScreen.storyboard */ = {
			isa = PBXVariantGroup;
			children = (
				3C21ED9B233095C900386607 /* Base */,
			);
			name = LaunchScreen.storyboard;
			sourceTree = "<group>";
		};
/* End PBXVariantGroup section */

/* Begin XCBuildConfiguration section */
		3C21ED9E233095C900386607 /* Debug */ = {
			isa = XCBuildConfiguration;
			buildSettings = {
				ALWAYS_SEARCH_USER_PATHS = NO;
				CLANG_ANALYZER_NONNULL = YES;
				CLANG_ANALYZER_NUMBER_OBJECT_CONVERSION = YES_AGGRESSIVE;
				CLANG_CXX_LANGUAGE_STANDARD = "gnu++14";
				CLANG_CXX_LIBRARY = "libc++";
				CLANG_ENABLE_MODULES = YES;
				CLANG_ENABLE_OBJC_ARC = YES;
				CLANG_ENABLE_OBJC_WEAK = YES;
				CLANG_WARN_BLOCK_CAPTURE_AUTORELEASING = YES;
				CLANG_WARN_BOOL_CONVERSION = YES;
				CLANG_WARN_COMMA = YES;
				CLANG_WARN_CONSTANT_CONVERSION = YES;
				CLANG_WARN_DEPRECATED_OBJC_IMPLEMENTATIONS = YES;
				CLANG_WARN_DIRECT_OBJC_ISA_USAGE = YES_ERROR;
				CLANG_WARN_DOCUMENTATION_COMMENTS = YES;
				CLANG_WARN_EMPTY_BODY = YES;
				CLANG_WARN_ENUM_CONVERSION = YES;
				CLANG_WARN_INFINITE_RECURSION = YES;
				CLANG_WARN_INT_CONVERSION = YES;
				CLANG_WARN_NON_LITERAL_NULL_CONVERSION = YES;
				CLANG_WARN_OBJC_IMPLICIT_RETAIN_SELF = YES;
				CLANG_WARN_OBJC_LITERAL_CONVERSION = YES;
				CLANG_WARN_OBJC_ROOT_CLASS = YES_ERROR;
				CLANG_WARN_RANGE_LOOP_ANALYSIS = YES;
				CLANG_WARN_STRICT_PROTOTYPES = YES;
				CLANG_WARN_SUSPICIOUS_MOVE = YES;
				CLANG_WARN_UNGUARDED_AVAILABILITY = YES_AGGRESSIVE;
				CLANG_WARN_UNREACHABLE_CODE = YES;
				CLANG_WARN__DUPLICATE_METHOD_MATCH = YES;
				CODE_SIGN_IDENTITY = "iPhone Developer";
				COPY_PHASE_STRIP = NO;
				DEBUG_INFORMATION_FORMAT = dwarf;
				ENABLE_STRICT_OBJC_MSGSEND = YES;
				ENABLE_TESTABILITY = YES;
				GCC_C_LANGUAGE_STANDARD = gnu11;
				GCC_DYNAMIC_NO_PIC = NO;
				GCC_NO_COMMON_BLOCKS = YES;
				GCC_OPTIMIZATION_LEVEL = 0;
				GCC_PREPROCESSOR_DEFINITIONS = (
					"DEBUG=1",
					"$(inherited)",
				);
				GCC_WARN_64_TO_32_BIT_CONVERSION = YES;
				GCC_WARN_ABOUT_RETURN_TYPE = YES_ERROR;
				GCC_WARN_UNDECLARED_SELECTOR = YES;
				GCC_WARN_UNINITIALIZED_AUTOS = YES_AGGRESSIVE;
				GCC_WARN_UNUSED_FUNCTION = YES;
				GCC_WARN_UNUSED_VARIABLE = YES;
				IPHONEOS_DEPLOYMENT_TARGET = 12.1;
				MTL_ENABLE_DEBUG_INFO = INCLUDE_SOURCE;
				MTL_FAST_MATH = YES;
				ONLY_ACTIVE_ARCH = YES;
				SDKROOT = iphoneos;
				SWIFT_ACTIVE_COMPILATION_CONDITIONS = DEBUG;
				SWIFT_OPTIMIZATION_LEVEL = "-Onone";
			};
			name = Debug;
		};
		3C21ED9F233095C900386607 /* Release */ = {
			isa = XCBuildConfiguration;
			buildSettings = {
				ALWAYS_SEARCH_USER_PATHS = NO;
				CLANG_ANALYZER_NONNULL = YES;
				CLANG_ANALYZER_NUMBER_OBJECT_CONVERSION = YES_AGGRESSIVE;
				CLANG_CXX_LANGUAGE_STANDARD = "gnu++14";
				CLANG_CXX_LIBRARY = "libc++";
				CLANG_ENABLE_MODULES = YES;
				CLANG_ENABLE_OBJC_ARC = YES;
				CLANG_ENABLE_OBJC_WEAK = YES;
				CLANG_WARN_BLOCK_CAPTURE_AUTORELEASING = YES;
				CLANG_WARN_BOOL_CONVERSION = YES;
				CLANG_WARN_COMMA = YES;
				CLANG_WARN_CONSTANT_CONVERSION = YES;
				CLANG_WARN_DEPRECATED_OBJC_IMPLEMENTATIONS = YES;
				CLANG_WARN_DIRECT_OBJC_ISA_USAGE = YES_ERROR;
				CLANG_WARN_DOCUMENTATION_COMMENTS = YES;
				CLANG_WARN_EMPTY_BODY = YES;
				CLANG_WARN_ENUM_CONVERSION = YES;
				CLANG_WARN_INFINITE_RECURSION = YES;
				CLANG_WARN_INT_CONVERSION = YES;
				CLANG_WARN_NON_LITERAL_NULL_CONVERSION = YES;
				CLANG_WARN_OBJC_IMPLICIT_RETAIN_SELF = YES;
				CLANG_WARN_OBJC_LITERAL_CONVERSION = YES;
				CLANG_WARN_OBJC_ROOT_CLASS = YES_ERROR;
				CLANG_WARN_RANGE_LOOP_ANALYSIS = YES;
				CLANG_WARN_STRICT_PROTOTYPES = YES;
				CLANG_WARN_SUSPICIOUS_MOVE = YES;
				CLANG_WARN_UNGUARDED_AVAILABILITY = YES_AGGRESSIVE;
				CLANG_WARN_UNREACHABLE_CODE = YES;
				CLANG_WARN__DUPLICATE_METHOD_MATCH = YES;
				CODE_SIGN_IDENTITY = "iPhone Developer";
				COPY_PHASE_STRIP = NO;
				DEBUG_INFORMATION_FORMAT = "dwarf-with-dsym";
				ENABLE_NS_ASSERTIONS = NO;
				ENABLE_STRICT_OBJC_MSGSEND = YES;
				GCC_C_LANGUAGE_STANDARD = gnu11;
				GCC_NO_COMMON_BLOCKS = YES;
				GCC_WARN_64_TO_32_BIT_CONVERSION = YES;
				GCC_WARN_ABOUT_RETURN_TYPE = YES_ERROR;
				GCC_WARN_UNDECLARED_SELECTOR = YES;
				GCC_WARN_UNINITIALIZED_AUTOS = YES_AGGRESSIVE;
				GCC_WARN_UNUSED_FUNCTION = YES;
				GCC_WARN_UNUSED_VARIABLE = YES;
				IPHONEOS_DEPLOYMENT_TARGET = 12.1;
				MTL_ENABLE_DEBUG_INFO = NO;
				MTL_FAST_MATH = YES;
				SDKROOT = iphoneos;
				SWIFT_COMPILATION_MODE = wholemodule;
				SWIFT_OPTIMIZATION_LEVEL = "-O";
				VALIDATE_PRODUCT = YES;
			};
			name = Release;
		};
		3C21EDA1233095C900386607 /* Debug */ = {
			isa = XCBuildConfiguration;
			buildSettings = {
				ASSETCATALOG_COMPILER_APPICON_NAME = AppIcon;
				CODE_SIGN_STYLE = Automatic;
				INFOPLIST_FILE = 01SimpleMapView/Info.plist;
				LD_RUNPATH_SEARCH_PATHS = (
					"$(inherited)",
					"@executable_path/Frameworks",
				);
				PRODUCT_BUNDLE_IDENTIFIER = "-1.-1SimpleMapView";
				PRODUCT_NAME = "$(TARGET_NAME)";
				SWIFT_VERSION = 4.2;
				TARGETED_DEVICE_FAMILY = "1,2";
			};
			name = Debug;
		};
		3C21EDA2233095C900386607 /* Release */ = {
			isa = XCBuildConfiguration;
			buildSettings = {
				ASSETCATALOG_COMPILER_APPICON_NAME = AppIcon;
				CODE_SIGN_STYLE = Automatic;
				INFOPLIST_FILE = 01SimpleMapView/Info.plist;
				LD_RUNPATH_SEARCH_PATHS = (
					"$(inherited)",
					"@executable_path/Frameworks",
				);
				PRODUCT_BUNDLE_IDENTIFIER = "-1.-1SimpleMapView";
				PRODUCT_NAME = "$(TARGET_NAME)";
				SWIFT_VERSION = 4.2;
				TARGETED_DEVICE_FAMILY = "1,2";
			};
			name = Release;
		};
/* End XCBuildConfiguration section */

/* Begin XCConfigurationList section */
		3C21ED86233095C700386607 /* Build configuration list for PBXProject "01SimpleMapView" */ = {
			isa = XCConfigurationList;
			buildConfigurations = (
				3C21ED9E233095C900386607 /* Debug */,
				3C21ED9F233095C900386607 /* Release */,
			);
			defaultConfigurationIsVisible = 0;
			defaultConfigurationName = Release;
		};
		3C21EDA0233095C900386607 /* Build configuration list for PBXNativeTarget "01SimpleMapView" */ = {
			isa = XCConfigurationList;
			buildConfigurations = (
				3C21EDA1233095C900386607 /* Debug */,
				3C21EDA2233095C900386607 /* Release */,
			);
			defaultConfigurationIsVisible = 0;
			defaultConfigurationName = Release;
		};
/* End XCConfigurationList section */

/* Begin XCVersionGroup section */
		3C21ED95233095C700386607 /* _1SimpleMapView.xcdatamodeld */ = {
			isa = XCVersionGroup;
			children = (
				3C21ED96233095C700386607 /* _1SimpleMapView.xcdatamodel */,
			);
			currentVersion = 3C21ED96233095C700386607 /* _1SimpleMapView.xcdatamodel */;
			path = _1SimpleMapView.xcdatamodeld;
			sourceTree = "<group>";
			versionGroupType = wrapper.xcdatamodel;
		};
/* End XCVersionGroup section */
	};
	rootObject = 3C21ED83233095C700386607 /* Project object */;
}
